
Microsoft Visual Studio Solution File, Format Version 12.00
Project("{FAE04EC0-301F-11D3-BF4B-00C04F79EFBC}") = "calc", "calc\calc.csproj", "{4BEC7F99-DD98-4163-8548-F8752C7762EA}"
EndProject
Project("{FAE04EC0-301F-11D3-BF4B-00C04F79EFBC}") = "MyNewLogger", "MyNewLogger\MyNewLogger.csproj", "{916C98AD-BCDF-4641-BCC3-1CDDC5E2BF85}"
EndProject
Global
	GlobalSection(SolutionConfigurationPlatforms) = preSolution
		Debug|Any CPU = Debug|Any CPU
		Release|Any CPU = Release|Any CPU
	EndGlobalSection
	GlobalSection(ProjectConfigurationPlatforms) = postSolution
		{4BEC7F99-DD98-4163-8548-F8752C7762EA}.Debug|Any CPU.ActiveCfg = Debug|Any CPU
		{4BEC7F99-DD98-4163-8548-F8752C7762EA}.Debug|Any CPU.Build.0 = Debug|Any CPU
		{4BEC7F99-DD98-4163-8548-F8752C7762EA}.Release|Any CPU.ActiveCfg = Release|Any CPU
		{4BEC7F99-DD98-4163-8548-F8752C7762EA}.Release|Any CPU.Build.0 = Release|Any CPU
		{916C98AD-BCDF-4641-BCC3-1CDDC5E2BF85}.Debug|Any CPU.ActiveCfg = Debug|Any CPU
		{916C98AD-BCDF-4641-BCC3-1CDDC5E2BF85}.Debug|Any CPU.Build.0 = Debug|Any CPU
		{916C98AD-BCDF-4641-BCC3-1CDDC5E2BF85}.Release|Any CPU.ActiveCfg = Release|Any CPU
		{916C98AD-BCDF-4641-BCC3-1CDDC5E2BF85}.Release|Any CPU.Build.0 = Release|Any CPU
	EndGlobalSection
EndGlobal
